
Microsoft Visual Studio Solution File, Format Version 12.00
# Visual Studio 15
VisualStudioVersion = 15.0.28307.168
MinimumVisualStudioVersion = 10.0.40219.1
Project("{FAE04EC0-301F-11D3-BF4B-00C04F79EFBC}") = "Task8_1", "Task8_1\Task8_1.csproj", "{A871AEF6-6F63-4401-879A-64F6F62D47A3}"
EndProject
Project("{FAE04EC0-301F-11D3-BF4B-00C04F79EFBC}") = "Task_8_2", "Task_8_2\Task_8_2.csproj", "{A9214A2C-6AD6-4969-B67B-015880951DC5}"
EndProject
Global
	GlobalSection(SolutionConfigurationPlatforms) = preSolution
		Debug|Any CPU = Debug|Any CPU
		Release|Any CPU = Release|Any CPU
	EndGlobalSection
	GlobalSection(ProjectConfigurationPlatforms) = postSolution
		{A871AEF6-6F63-4401-879A-64F6F62D47A3}.Debug|Any CPU.ActiveCfg = Debug|Any CPU
		{A871AEF6-6F63-4401-879A-64F6F62D47A3}.Debug|Any CPU.Build.0 = Debug|Any CPU
		{A871AEF6-6F63-4401-879A-64F6F62D47A3}.Release|Any CPU.ActiveCfg = Release|Any CPU
		{A871AEF6-6F63-4401-879A-64F6F62D47A3}.Release|Any CPU.Build.0 = Release|Any CPU
		{A9214A2C-6AD6-4969-B67B-015880951DC5}.Debug|Any CPU.ActiveCfg = Debug|Any CPU
		{A9214A2C-6AD6-4969-B67B-015880951DC5}.Debug|Any CPU.Build.0 = Debug|Any CPU
		{A9214A2C-6AD6-4969-B67B-015880951DC5}.Release|Any CPU.ActiveCfg = Release|Any CPU
		{A9214A2C-6AD6-4969-B67B-015880951DC5}.Release|Any CPU.Build.0 = Release|Any CPU
	EndGlobalSection
	GlobalSection(SolutionProperties) = preSolution
		HideSolutionNode = FALSE
	EndGlobalSection
	GlobalSection(ExtensibilityGlobals) = postSolution
		SolutionGuid = {B3220668-3D19-4847-9DB7-EC3F28EE3CD0}
	EndGlobalSection
EndGlobal
